# This file is autogenerated, do not edit; changes may be undone by the next 'dep ensure'.


[[projects]]
  digest = "1:86520086f5a77df64dfa57ab48e80532a9893b1b52769738937d7022ec6d0855"
  name = "github.com/Masterminds/squirrel"
  packages = ["."]
  pruneopts = "NT"
  revision = "fa735ea14f09f8685fcf5e75db091feb5a410730"
  version = "v1.1"

[[projects]]
  digest = "1:199812fc3dcf82d57b1ebd4521e3ab49ec6431474da5105433a22dbf437f0af7"
  name = "github.com/aliyunmq/mq-http-go-sdk"
  packages = ["."]
  pruneopts = "NT"
  revision = "17561ba6b99167acebb87df97caa7c0b929fbaf6"
  version = "1.0.0"

[[projects]]
  digest = "1:582a619027c5ee167cf80f4fef1fb1e1456b71e7c4afc7a22ea81135f1bddafb"
  name = "github.com/coreos/etcd"
  packages = [
    "auth/authpb",
    "etcdserver/api/v3rpc/rpctypes",
    "etcdserver/etcdserverpb",
    "mvcc/mvccpb",
    "pkg/types",
  ]
  pruneopts = "NT"
  revision = "2cf9e51d2a78003b164c2998886158e60ded1cbb"
  version = "v3.3.11"

[[projects]]
  digest = "1:1b91ae0dc69a41d4c2ed23ea5cffb721ea63f5037ca4b81e6d6771fbb8f45129"
  name = "github.com/fsnotify/fsnotify"
  packages = ["."]
  pruneopts = "NT"
  revision = "c2828203cd70a50dcccfb2761f8b1f8ceef9a8e9"
  version = "v1.4.7"

[[projects]]
  branch = "master"
  digest = "1:23edf5aaca7a1f15d68215ac41595c0732152757e9d7b3f282821222784049f1"
  name = "github.com/gin-contrib/sse"
  packages = ["."]
  pruneopts = "NT"
  revision = "5545eab6dad3bbbd6c5ae9186383c2a9d23c0dae"

[[projects]]
  digest = "1:7130f8ac846f5f8ae39bac0949020d40dc7a1d5629b1173f950269dc9b195905"
  name = "github.com/gin-gonic/gin"
  packages = [
    ".",
    "binding",
    "json",
    "render",
  ]
  pruneopts = "NT"
  revision = "b869fe1415e4b9eb52f247441830d502aece2d4d"
  version = "v1.3.0"

[[projects]]
  digest = "1:13e9a236e56e18fecb73f5b2f2eb7f60060a1a9bc27e5a7328ab22e275ecb63e"
  name = "github.com/go-sql-driver/mysql"
  packages = ["."]
  pruneopts = "NT"
  revision = "72cd26f257d44c1114970e19afddcd812016007e"
  version = "v1.4.1"

[[projects]]
  branch = "master"
  digest = "1:18762c715cb8973494d6020b87029b136244bfad1fc171567aa6509b13e47668"
  name = "github.com/gogap/errors"
  packages = ["."]
  pruneopts = "NT"
  revision = "149c546090d0ac947ee5f6772d431e30cf0f6f3b"

[[projects]]
  branch = "master"
  digest = "1:c6253666075c2b525120625ee19c44baf85be235288ad538c9e80beb100fbd43"
  name = "github.com/gogap/stack"
  packages = ["."]
  pruneopts = "NT"
  revision = "fef68dddd4f8092a1be1acacb121f847315e5c94"

[[projects]]
  digest = "1:932970e69f16e127aa0653b8263ae588cd127fa53273e19ba44332902c9826f2"
  name = "github.com/gogo/protobuf"
  packages = [
    "gogoproto",
    "proto",
    "protoc-gen-gogo/descriptor",
  ]
  pruneopts = "NT"
  revision = "4cbf7e384e768b4e01799441fdf2a706a5635ae7"
  version = "v1.2.0"

[[projects]]
  digest = "1:d7cb4458ea8782e6efacd8f4940796ec559c90833509c436f40c4085b98156dd"
  name = "github.com/golang/protobuf"
  packages = [
    "proto",
    "ptypes",
    "ptypes/any",
    "ptypes/duration",
    "ptypes/timestamp",
  ]
  pruneopts = "NT"
  revision = "aa810b61a9c79d51363740d207bb46cf8e620ed5"
  version = "v1.2.0"

[[projects]]
  digest = "1:2975cea4b68121134776e0f636a4b0d260575b0e35c3fc9f513fdcc94e623cb9"
  name = "github.com/golang/snappy"
  packages = ["."]
  pruneopts = "NT"
  revision = "2a8bb927dd31d8daada140a5d09578521ce5c36a"
  version = "v0.0.1"

[[projects]]
  digest = "1:756768e3353c7bae8ac575c4b8338540e38eac6b3fb89c169b40da8551a5b357"
  name = "github.com/gomodule/redigo"
  packages = [
    "internal",
    "redis",
  ]
  pruneopts = "NT"
  revision = "9c11da706d9b7902c6da69c592f75637793fe121"
  version = "v2.0.0"

[[projects]]
  branch = "master"
  digest = "1:3438368c927130e00e6594cba59397f7140ea70f760bf0db43cc27c0b8812980"
  name = "github.com/gopherjs/gopherjs"
  packages = ["js"]
  pruneopts = "NT"
  revision = "8a4e74d23f07f7bff3bc6a7378c7849807f278f6"

[[projects]]
  digest = "1:9f8009ee7d51965a545bbdf4912a95dac4afd9fe5c233d14b8dd59159aa18332"
  name = "github.com/grpc-ecosystem/go-grpc-middleware"
  packages = ["."]
  pruneopts = "NT"
  revision = "c250d6563d4d4c20252cd865923440e829844f4e"
  version = "v1.0.0"

[[projects]]
  digest = "1:62ba88d64dabadbbad170cf6b0d3bfd1f50c36b1566583a28d99304eb08a9bd2"
  name = "github.com/hashicorp/hcl"
  packages = [
    ".",
    "hcl/ast",
    "hcl/parser",
    "hcl/printer",
    "hcl/scanner",
    "hcl/strconv",
    "hcl/token",
    "json/parser",
    "json/scanner",
    "json/token",
  ]
  pruneopts = "NT"
  revision = "8cb6e5b959231cc1119e43259c4a608f9c51a241"
  version = "v1.0.0"

[[projects]]
  digest = "1:406338ad39ab2e37b7f4452906442a3dbf0eb3379dd1f06aafb5c07e769a5fbb"
  name = "github.com/inconshreveable/mousetrap"
  packages = ["."]
  pruneopts = "NT"
  revision = "76626ae9c91c4f2a10f34cad8ce83ea42c93bb75"
  version = "v1.0"

[[projects]]
  digest = "1:0fbdc0dfdabfa16d50dd7151b7efe3189ffb0df68fa9866dc35240bfea39ad92"
  name = "github.com/json-iterator/go"
  packages = ["."]
  pruneopts = "NT"
  revision = "0ff49de124c6f76f8494e194af75bde0f1a49a29"
  version = "v1.1.6"

[[projects]]
  digest = "1:395b1480ae42c3fec6fff19823e66e173819f85826811387f9045c88515a7f0f"
  name = "github.com/jtolds/gls"
  packages = ["."]
  pruneopts = "NT"
  revision = "b4936e06046bbecbb94cae9c18127ebe510a2cb9"
  version = "v4.20"

[[projects]]
  digest = "1:05b6cc8603ca203244fc77d72978ab3346add31e8dca886b66599d8ff9cbe5af"
  name = "github.com/klauspost/compress"
  packages = [
    "flate",
    "gzip",
    "zlib",
  ]
  pruneopts = "NT"
  revision = "30be6041bed523c18e269a700ebd9c2ea9328574"
  version = "v1.4.1"

[[projects]]
  digest = "1:486e8431071ab1edb434ddeb78410ab1a92a3d8f8a9d7c6a3d1743fd92485959"
  name = "github.com/klauspost/cpuid"
  packages = ["."]
  pruneopts = "NT"
  revision = "e7e905edc00ea8827e58662220139109efea09db"
  version = "v1.2.0"

[[projects]]
  branch = "master"
  digest = "1:8480d744ef5b12b45c9ce3986921cc3c8beb55d81008df3885cde7355b131788"
  name = "github.com/lann/builder"
  packages = ["."]
  pruneopts = "NT"
  revision = "47ae307949d02aa1f1069fdafc00ca08e1dbabac"

[[projects]]
  branch = "master"
  digest = "1:1a5446024e4eb6d3a2edba01be7f0d360023d4c84efb9e0be1a73de1d1c840c5"
  name = "github.com/lann/ps"
  packages = ["."]
  pruneopts = "NT"
  revision = "62de8c46ede02a7675c4c79c84883eb164cb71e3"

[[projects]]
  digest = "1:4244266b65ea535b8ebd109a327720821707b59f9a37bda738946d52ec69442d"
  name = "github.com/magiconair/properties"
  packages = ["."]
  pruneopts = "NT"
  revision = "c2353362d570a7bfa228149c62842019201cfb71"
  version = "v1.8.0"

[[projects]]
  digest = "1:85edcc76fa95b8b312642905b56284f4fe5c42d8becb219481adba7e97d4f5c5"
  name = "github.com/mattn/go-isatty"
  packages = ["."]
  pruneopts = "NT"
  revision = "c2a7a6ca930a4cd0bc33a3f298eb71960732a3a7"
  version = "v0.0.7"

[[projects]]
  digest = "1:a45ae66dea4c899d79fceb116accfa1892105c251f0dcd9a217ddc276b42ec68"
  name = "github.com/mitchellh/mapstructure"
  packages = ["."]
  pruneopts = "NT"
  revision = "3536a929edddb9a5b34bd6861dc4a9647cb459fe"
  version = "v1.1.2"

[[projects]]
  digest = "1:2f42fa12d6911c7b7659738758631bec870b7e9b4c6be5444f963cdcfccc191f"
  name = "github.com/modern-go/concurrent"
  packages = ["."]
  pruneopts = "NT"
  revision = "bacd9c7ef1dd9b15be4a9909b8ac7a4e313eec94"
  version = "1.0.3"

[[projects]]
  digest = "1:c6aca19413b13dc59c220ad7430329e2ec454cc310bc6d8de2c7e2b93c18a0f6"
  name = "github.com/modern-go/reflect2"
  packages = ["."]
  pruneopts = "NT"
  revision = "4b7aa43c6742a2c18fdef89dd197aaae7dac7ccd"
  version = "1.0.1"

[[projects]]
  digest = "1:6a4b804cee2d4cae52f26c9425dee0da31421e147be18c33ab281ad7961a8f81"
  name = "github.com/nsqio/go-nsq"
  packages = ["."]
  pruneopts = "NT"
  revision = "eee57a3ac4174c55924125bb15eeeda8cffb6e6f"
  version = "v1.0.7"

[[projects]]
  digest = "1:1a6e99fe61e963dce0dd87a0856fcfcc1c286db3eba388dd77335aa4ac5623b3"
  name = "github.com/pelletier/go-toml"
  packages = ["."]
  pruneopts = "NT"
  revision = "c01d1270ff3e442a8a57cddc1c92dc1138598194"
  version = "v1.2.0"

[[projects]]
  branch = "master"
  digest = "1:96f019b12b22d4a4fee80da97012e2c72f5aff9e0f2f73e5faac82699d90ed4d"
  name = "github.com/r3labs/diff"
  packages = ["."]
  pruneopts = "NT"
  revision = "004a429b1a9e359382d57f2a900228616f106588"

[[projects]]
  digest = "1:473ee40d1026e7ba91269054875fced2bf90caffb2a2a9c4d47f81c174f65663"
  name = "github.com/smartystreets/assertions"
  packages = [
    ".",
    "internal/go-diff/diffmatchpatch",
    "internal/go-render/render",
    "internal/oglematchers",
  ]
  pruneopts = "NT"
  revision = "f487f9de1cd36ebab28235b9373028812fb47cbd"
  version = "1.10.1"

[[projects]]
  digest = "1:cb0c0ec54542ab12e8aaba25eddb2045fda3d681a5f055d0cf00e444a0e07695"
  name = "github.com/smartystreets/goconvey"
  packages = [
    "convey",
    "convey/gotest",
    "convey/reporting",
  ]
  pruneopts = "NT"
  revision = "9e8dc3f972df6c8fcc0375ef492c24d0bb204857"
  version = "1.6.3"

[[projects]]
  digest = "1:a3d234acd819fde4b1875e9e9e68a1d8368115983a74ec23c379973a8f179f07"
  name = "github.com/spf13/afero"
  packages = [
    ".",
    "mem",
  ]
  pruneopts = "NT"
  revision = "a5d6946387efe7d64d09dcba68cdd523dc1273a3"
  version = "v1.2.0"

[[projects]]
  digest = "1:c5e6b121ef3d2043505edaf4c80e5a008cec2513dc8804795eb0479d1555bcf7"
  name = "github.com/spf13/cast"
  packages = ["."]
  pruneopts = "NT"
  revision = "8c9545af88b134710ab1cd196795e7f2388358d7"
  version = "v1.3.0"

[[projects]]
  digest = "1:234b95cdbb31612ff4f97e0ac69abdede0c60f5f84e5d3f40123859f77d8bc2c"
  name = "github.com/spf13/cobra"
  packages = ["."]
  pruneopts = "NT"
  revision = "ef82de70bb3f60c65fb8eebacbb2d122ef517385"
  version = "v0.0.3"

[[projects]]
  digest = "1:f29f83301ed096daed24a90f4af591b7560cb14b9cc3e1827abbf04db7269ab5"
  name = "github.com/spf13/jwalterweatherman"
  packages = ["."]
  pruneopts = "NT"
  revision = "4a4406e478ca629068e7768fc33f3f044173c0a6"
  version = "v1.0.0"

[[projects]]
  digest = "1:9d8420bbf131d1618bde6530af37c3799340d3762cc47210c1d9532a4c3a2779"
  name = "github.com/spf13/pflag"
  packages = ["."]
  pruneopts = "NT"
  revision = "298182f68c66c05229eb03ac171abe6e309ee79a"
  version = "v1.0.3"

[[projects]]
  digest = "1:958dd1902c8999769574c48476f471791be450a2aacaa2c411c408d22ec84e80"
  name = "github.com/spf13/viper"
  packages = ["."]
  pruneopts = "NT"
  revision = "6d33b5a963d922d182c91e8a1c88d81fd150cfd4"
  version = "v1.3.1"

[[projects]]
  digest = "1:fd0bac19f19960142cd4d3d378955405d7b6a5c442c4bf56d42c82272144727b"
  name = "github.com/ugorji/go"
  packages = ["codec"]
  pruneopts = "NT"
  revision = "8fd0f8d918c8f0b52d0af210a812ba882cc31a1e"
  version = "v1.1.2"

[[projects]]
  digest = "1:af354641f23332b1a8d5d361d11b5a9171589e412a67d499633706c611acc064"
  name = "github.com/valyala/bytebufferpool"
  packages = ["."]
  pruneopts = "NT"
  revision = "e746df99fe4a3986f4d4f79e13c1e0117ce9c2f7"
  version = "v1.0.0"

[[projects]]
  digest = "1:6bbc2501a704c4dbe04d87b7f361a8a21e7408b1b1a97f6d0b6383130802da7c"
  name = "github.com/valyala/fasthttp"
  packages = [
    ".",
    "fasthttputil",
    "stackless",
  ]
  pruneopts = "NT"
  revision = "e5f51c11919d4f66400334047b897ef0a94c6f3c"
  version = "v20180529"

[[projects]]
  digest = "1:582a619027c5ee167cf80f4fef1fb1e1456b71e7c4afc7a22ea81135f1bddafb"
  name = "go.etcd.io/etcd"
  packages = ["clientv3"]
  pruneopts = "NT"
  revision = "2cf9e51d2a78003b164c2998886158e60ded1cbb"
  version = "v3.3.11"

[[projects]]
  digest = "1:22f696cee54865fb8e9ff91df7b633f6b8f22037a8015253c6b6a71ca82219c7"
  name = "go.uber.org/atomic"
  packages = ["."]
  pruneopts = "NT"
  revision = "1ea20fb1cbb1cc08cbd0d913a96dead89aa18289"
  version = "v1.3.2"

[[projects]]
  digest = "1:58ca93bdf81bac106ded02226b5395a0595d5346cdc4caa8d9c1f3a5f8f9976e"
  name = "go.uber.org/multierr"
  packages = ["."]
  pruneopts = "NT"
  revision = "3c4937480c32f4c13a875a1829af76c98ca3d40a"
  version = "v1.1.0"

[[projects]]
  branch = "master"
  digest = "1:02fe59517e10f9b400b500af8ac228c74cecb0cba7a5f438d8283edb97e14270"
  name = "go.uber.org/ratelimit"
  packages = [
    ".",
    "internal/clock",
  ]
  pruneopts = "NT"
  revision = "c15da02342779cb6dc027fc95ee2277787698f36"

[[projects]]
  digest = "1:572fa4496563920f3e3107a2294cf2621d6cc4ffd03403fb6397b1bab9fa082a"
  name = "go.uber.org/zap"
  packages = [
    ".",
    "buffer",
    "internal/bufferpool",
    "internal/color",
    "internal/exit",
    "zapcore",
  ]
  pruneopts = "NT"
  revision = "ff33455a0e382e8a81d14dd7c922020b6b5e7982"
  version = "v1.9.1"

[[projects]]
  branch = "master"
  digest = "1:db2fbd5a25736dcd421acf14f5ee442c6f781acde4edbfaf38c11368b3c90032"
  name = "golang.org/x/net"
  packages = [
    "context",
    "http/httpguts",
    "http2",
    "http2/hpack",
    "idna",
    "internal/timeseries",
    "trace",
  ]
  pruneopts = "NT"
  revision = "4b62a64f59f73840b9ab79204c94fee61cd1ba2c"

[[projects]]
  branch = "master"
  digest = "1:64e1913e5c2127689d73a8e67779478bbaff04e601fb38d910668972c597353a"
  name = "golang.org/x/sys"
  packages = ["unix"]
  pruneopts = "NT"
  revision = "b90733256f2e882e81d52f9126de08df5615afd9"

[[projects]]
  digest = "1:8c74f97396ed63cc2ef04ebb5fc37bb032871b8fd890a25991ed40974b00cd2a"
  name = "golang.org/x/text"
  packages = [
    "collate",
    "collate/build",
    "internal/colltab",
    "internal/gen",
    "internal/tag",
    "internal/triegen",
    "internal/ucd",
    "language",
    "secure/bidirule",
    "transform",
    "unicode/bidi",
    "unicode/cldr",
    "unicode/norm",
    "unicode/rangetable",
  ]
  pruneopts = "NT"
  revision = "f21a4dfb5e38f5895301dc265a8def02365cc3d0"
  version = "v0.3.0"

[[projects]]
  digest = "1:902ffa11f1d8c19c12b05cabffe69e1a16608ad03a8899ebcb9c6bde295660ae"
  name = "google.golang.org/appengine"
  packages = ["cloudsql"]
  pruneopts = "NT"
  revision = "e9657d882bb81064595ca3b56cbe2546bbabf7b1"
  version = "v1.4.0"

[[projects]]
  branch = "master"
  digest = "1:22f608215c22fe6442b6bbf0a1df7c3b1054c2e1cb6a2c8bc66909c10bc36292"
  name = "google.golang.org/genproto"
  packages = ["googleapis/rpc/status"]
  pruneopts = "NT"
  revision = "8819c946db4494a2259bf100a377f51aa585d893"

[[projects]]
  digest = "1:864b8b2ca144da1f18e3379338e2688c7735f60fbc2f0e4f7b9cc348f1c08eed"
  name = "google.golang.org/grpc"
  packages = [
    ".",
    "balancer",
    "balancer/base",
    "balancer/roundrobin",
    "binarylog/grpc_binarylog_v1",
    "codes",
    "connectivity",
    "credentials",
    "credentials/internal",
    "encoding",
    "encoding/proto",
    "grpclog",
    "health/grpc_health_v1",
    "internal",
    "internal/backoff",
    "internal/binarylog",
    "internal/channelz",
    "internal/envconfig",
    "internal/grpcrand",
    "internal/grpcsync",
    "internal/syscall",
    "internal/transport",
    "keepalive",
    "metadata",
    "naming",
    "peer",
    "resolver",
    "resolver/dns",
    "resolver/passthrough",
    "stats",
    "status",
    "tap",
  ]
  pruneopts = "NT"
  revision = "a02b0774206b209466313a0b525d2c738fe407eb"
  version = "v1.18.0"

[[projects]]
  digest = "1:d595a6ccf3d2d734bfb0f9ab0bd689d81715cd2c72469ebca21680d8f51b3363"
  name = "gopkg.in/go-playground/validator.v8"
  packages = ["."]
  pruneopts = "NT"
  revision = "5f1438d3fca68893a817e4a66806cea46a9e4ebf"
  version = "v8.18.2"

[[projects]]
  digest = "1:427ecf8282b9000747753d9421013b5955a148379153341cb17029b03b13d913"
  name = "gopkg.in/redsync.v1"
  packages = ["."]
  pruneopts = "NT"
  revision = "89538344de92e78df4b7eeeceec1f3cf2d7c0aeb"
  version = "v1.1.1"

[[projects]]
  digest = "1:18108594151654e9e696b27b181b953f9a90b16bf14d253dd1b397b025a1487f"
  name = "gopkg.in/yaml.v2"
  packages = ["."]
  pruneopts = "NT"
  revision = "51d6538a90f86fe93ac480b35f37b2be17fef232"
  version = "v2.2.2"

[solve-meta]
  analyzer-name = "dep"
  analyzer-version = 1
  input-imports = [
    "github.com/Masterminds/squirrel",
    "github.com/aliyunmq/mq-http-go-sdk",
    "github.com/fsnotify/fsnotify",
    "github.com/gogap/errors",
    "github.com/gomodule/redigo/redis",
    "github.com/nsqio/go-nsq",
    "github.com/r3labs/diff",
    "github.com/smartystreets/goconvey/convey",
    "github.com/spf13/cobra",
    "github.com/joselee214/j7f/components/config",
    "github.com/joselee214/j7f/components/dao",
    "github.com/joselee214/j7f/components/errors",
    "github.com/joselee214/j7f/components/grace",
    "github.com/joselee214/j7f/components/grpc/interceptor",
    "github.com/joselee214/j7f/components/grpc/server",
    "github.com/joselee214/j7f/components/http/middleware",
    "github.com/joselee214/j7f/components/http/server",
    "github.com/joselee214/j7f/components/lock",
    "github.com/joselee214/j7f/components/log",
    "github.com/joselee214/j7f/components/mq",
    "github.com/joselee214/j7f/components/service_register",
    "j7go/errors",
    "j7go/proto/brand",
    "github.com/joselee214/j7f/proto/common",
    "j7go/proto/images",
    "j7go/proto/member",
    "j7go/proto/payments",
    "j7go/proto/product",
    "j7go/proto/scheduling",
    "j7go/proto/shop",
    "j7go/proto/staff",
    "go.uber.org/zap",
    "google.golang.org/grpc",
  ]
  solver-name = "gps-cdcl"
  solver-version = 1
